<?xml version="1.0" encoding="utf-8"?>
<Project ToolsVersion="4.0" xmlns="http://schemas.microsoft.com/developer/msbuild/2003">
  <ItemGroup>
    <Filter Include="Source Files">
      <UniqueIdentifier>{4FC737F1-C7A5-4376-A066-2A32D752A2FF}</UniqueIdentifier>
      <Extensions>cpp;c;cc;cxx;def;odl;idl;hpj;bat;asm;asmx</Extensions>
    </Filter>
    <Filter Include="Header Files">
      <UniqueIdentifier>{93995380-89BD-4b04-88EB-625FBE52EBFB}</UniqueIdentifier>
      <Extensions>h;hh;hpp;hxx;hm;inl;inc;xsd</Extensions>
    </Filter>
    <Filter Include="Resource Files">
      <UniqueIdentifier>{67DA6AB6-F800-4c08-8B7A-83BB121AAD01}</UniqueIdentifier>
      <Extensions>rc;ico;cur;bmp;dlg;rc2;rct;bin;rgs;gif;jpg;jpeg;jpe;resx;tiff;tif;png;wav;mfcribbon-ms</Extensions>
    </Filter>
    <Filter Include="Header Files\Unicode">
      <UniqueIdentifier>{c094e58a-b522-4d8c-9be8-c084ccd65614}</UniqueIdentifier>
    </Filter>
    <Filter Include="Source Files\Unicode">
      <UniqueIdentifier>{24d4c87d-be4f-4b7b-a7ad-3cd588956080}</UniqueIdentifier>
    </Filter>
    <Filter Include="Header Files\Utils">
      <UniqueIdentifier>{e02d95dd-8801-4cdb-93d5-0ed0ec3c93d6}</UniqueIdentifier>
    </Filter>
    <Filter Include="Source Files\Utils">
      <UniqueIdentifier>{9fb30b4b-d9d6-4778-8ecd-4391c99eb52b}</UniqueIdentifier>
    </Filter>
    <Filter Include="Header Files\Backends">
      <UniqueIdentifier>{b11c9544-aa32-4d6a-9a63-5e8cd0c6615e}</UniqueIdentifier>
    </Filter>
    <Filter Include="Source Files\Backends">
      <UniqueIdentifier>{ed47fc3c-4909-4468-89ee-b13b250ef5b9}</UniqueIdentifier>
    </Filter>
    <Filter Include="Header Files\Backends\Shaders">
      <UniqueIdentifier>{56873d26-1052-44bd-9717-e3aa2e87eecf}</UniqueIdentifier>
    </Filter>
    <Filter Include="Source Files\Backends\Shaders">
      <UniqueIdentifier>{d415cc48-8086-4faf-877d-60081730971e}</UniqueIdentifier>
    </Filter>
    <Filter Include="Source Files\Renderers">
      <UniqueIdentifier>{575ddac3-45c7-4042-a772-2d8b29b076ee}</UniqueIdentifier>
    </Filter>
    <Filter Include="Header Files\Renderers">
      <UniqueIdentifier>{3ee6ec0a-b6b7-40c0-87ba-ffae1037cc98}</UniqueIdentifier>
    </Filter>
  </ItemGroup>
  <ItemGroup>
    <ClCompile Include="TextureAtlasPack.cpp">
      <Filter>Source Files</Filter>
    </ClCompile>
    <ClCompile Include="lodepng.cpp">
      <Filter>Source Files</Filter>
    </ClCompile>
    <ClCompile Include="FontBuilder.cpp">
      <Filter>Source Files</Filter>
    </ClCompile>
    <ClCompile Include="example_demo.cpp">
      <Filter>Source Files</Filter>
    </ClCompile>
    <ClCompile Include="Unicode\tinyutf8.cpp">
      <Filter>Source Files\Unicode</Filter>
    </ClCompile>
    <ClCompile Include="Unicode\uninorms.cpp">
      <Filter>Source Files\Unicode</Filter>
    </ClCompile>
    <ClCompile Include="Unicode\utf8.cpp">
      <Filter>Source Files\Unicode</Filter>
    </ClCompile>
    <ClCompile Include="Utils\cJSON_JS.c">
      <Filter>Source Files\Utils</Filter>
    </ClCompile>
    <ClCompile Include="FontCache.cpp">
      <Filter>Source Files</Filter>
    </ClCompile>
    <ClCompile Include="Utils\CharacterExtractor.cpp">
      <Filter>Source Files\Utils</Filter>
    </ClCompile>
    <ClCompile Include="Backends\BackendBase.cpp">
      <Filter>Source Files\Backends</Filter>
    </ClCompile>
    <ClCompile Include="Backends\BackendImage.cpp">
      <Filter>Source Files\Backends</Filter>
    </ClCompile>
    <ClCompile Include="Backends\BackendOpenGL.cpp">
      <Filter>Source Files\Backends</Filter>
    </ClCompile>
    <ClCompile Include="Backends\BackendBackgroundOpenGL.cpp">
      <Filter>Source Files\Backends</Filter>
    </ClCompile>
    <ClCompile Include="Backends\Shaders\BackgroundShaderManager.cpp">
      <Filter>Source Files\Backends\Shaders</Filter>
    </ClCompile>
    <ClCompile Include="Backends\Shaders\DefaultFontShaderManager.cpp">
      <Filter>Source Files\Backends\Shaders</Filter>
    </ClCompile>
    <ClCompile Include="Backends\Shaders\IShaderManager.cpp">
      <Filter>Source Files\Backends\Shaders</Filter>
    </ClCompile>
    <ClCompile Include="Backends\Shaders\SingleColorFontShaderManager.cpp">
      <Filter>Source Files\Backends\Shaders</Filter>
    </ClCompile>
    <ClCompile Include="Renderers\AbstractRenderer.cpp">
      <Filter>Source Files\Renderers</Filter>
    </ClCompile>
    <ClCompile Include="Renderers\NumberRenderer.cpp">
      <Filter>Source Files\Renderers</Filter>
    </ClCompile>
    <ClCompile Include="Renderers\StringRenderer.cpp">
      <Filter>Source Files\Renderers</Filter>
    </ClCompile>
  </ItemGroup>
  <ItemGroup>
    <ClInclude Include="TextureAtlasPack.h">
      <Filter>Header Files</Filter>
    </ClInclude>
    <ClInclude Include="lodepng.h">
      <Filter>Header Files</Filter>
    </ClInclude>
    <ClInclude Include="FontBuilder.h">
      <Filter>Header Files</Filter>
    </ClInclude>
    <ClInclude Include="FontStructures.h">
      <Filter>Header Files</Filter>
    </ClInclude>
    <ClInclude Include="Unicode\tinyutf8.h">
      <Filter>Header Files\Unicode</Filter>
    </ClInclude>
    <ClInclude Include="Unicode\uninorms.h">
      <Filter>Header Files\Unicode</Filter>
    </ClInclude>
    <ClInclude Include="Unicode\utf8.h">
      <Filter>Header Files\Unicode</Filter>
    </ClInclude>
    <ClInclude Include="Externalncludes.h">
      <Filter>Header Files</Filter>
    </ClInclude>
    <ClInclude Include="Utils\CharacterExtraxtor.h">
      <Filter>Header Files\Utils</Filter>
    </ClInclude>
    <ClInclude Include="Utils\win_dirent.h">
      <Filter>Header Files\Utils</Filter>
    </ClInclude>
    <ClInclude Include="Utils\DebugUtils.h">
      <Filter>Header Files\Utils</Filter>
    </ClInclude>
    <ClInclude Include="Unicode\ICUUtils.h">
      <Filter>Header Files\Unicode</Filter>
    </ClInclude>
    <ClInclude Include="Utils\cJSON_JS.h">
      <Filter>Header Files\Utils</Filter>
    </ClInclude>
    <ClInclude Include="Utils\StringIterators.h">
      <Filter>Header Files\Utils</Filter>
    </ClInclude>
    <ClInclude Include="FontCache.h">
      <Filter>Header Files</Filter>
    </ClInclude>
    <ClInclude Include="Backends\BackendImage.h">
      <Filter>Header Files\Backends</Filter>
    </ClInclude>
    <ClInclude Include="Backends\BackendOpenGL.h">
      <Filter>Header Files\Backends</Filter>
    </ClInclude>
    <ClInclude Include="Backends\BackendBackgroundOpenGL.h">
      <Filter>Header Files\Backends</Filter>
    </ClInclude>
    <ClInclude Include="Backends\BackendBase.h">
      <Filter>Header Files\Backends</Filter>
    </ClInclude>
    <ClInclude Include="Backends\Shaders\BackgroundShaderManager.h">
      <Filter>Header Files\Backends\Shaders</Filter>
    </ClInclude>
    <ClInclude Include="Backends\Shaders\DefaultFontShaderManager.h">
      <Filter>Header Files\Backends\Shaders</Filter>
    </ClInclude>
    <ClInclude Include="Backends\Shaders\IShaderManager.h">
      <Filter>Header Files\Backends\Shaders</Filter>
    </ClInclude>
    <ClInclude Include="Backends\Shaders\SingleColorFontShaderManager.h">
      <Filter>Header Files\Backends\Shaders</Filter>
    </ClInclude>
    <ClInclude Include="Backends\Shaders\Shaders.h">
      <Filter>Header Files\Backends\Shaders</Filter>
    </ClInclude>
    <ClInclude Include="Renderers\AbstractRenderer.h">
      <Filter>Header Files\Renderers</Filter>
    </ClInclude>
    <ClInclude Include="Renderers\NumberRenderer.h">
      <Filter>Header Files\Renderers</Filter>
    </ClInclude>
    <ClInclude Include="Renderers\StringRenderer.h">
      <Filter>Header Files\Renderers</Filter>
    </ClInclude>
  </ItemGroup>
  <ItemGroup>
    <None Include="..\README.md">
      <Filter>Resource Files</Filter>
    </None>
  </ItemGroup>
</Project>